
Microsoft Visual Studio Solution File, Format Version 12.00
# Visual Studio 2012
Project("{FAE04EC0-301F-11D3-BF4B-00C04F79EFBC}") = "MSA.Zmq.JsonRpc", "MSA.Zmq.JsonRpc\MSA.Zmq.JsonRpc.csproj", "{0A13246F-8DF2-4C25-927C-08A64A1E1FA2}"
EndProject
Project("{FAE04EC0-301F-11D3-BF4B-00C04F79EFBC}") = "MSA.Zmq.Service", "MSA.Zmq.Service\MSA.Zmq.Service.csproj", "{39201940-DA75-4739-94F0-211B5BCD1308}"
EndProject
Project("{FAE04EC0-301F-11D3-BF4B-00C04F79EFBC}") = "Server.Demo", "Server.Demo\Server.Demo.csproj", "{A265C3AF-F5A8-4548-9BB4-5C9DDC0FDFED}"
EndProject
Project("{FAE04EC0-301F-11D3-BF4B-00C04F79EFBC}") = "Client.Demo", "Client.Demo\Client.Demo.csproj", "{4AB3B7C4-140C-4891-A733-C36ADE0DFC04}"
EndProject
Project("{FAE04EC0-301F-11D3-BF4B-00C04F79EFBC}") = "MSA.Tests", "MSA.Tests\MSA.Tests.csproj", "{9D16173B-BBBF-418B-B8B7-AA86EC42FD23}"
EndProject
Project("{FAE04EC0-301F-11D3-BF4B-00C04F79EFBC}") = "Push.Demo", "Push.Demo\Push.Demo.csproj", "{ED68DE35-FF65-42B2-96FF-54E87032B4D8}"
EndProject
Global
	GlobalSection(SolutionConfigurationPlatforms) = preSolution
		Debug|Any CPU = Debug|Any CPU
		Debug|x64 = Debug|x64
		Debug|x86 = Debug|x86
		Release|Any CPU = Release|Any CPU
		Release|x64 = Release|x64
		Release|x86 = Release|x86
	EndGlobalSection
	GlobalSection(ProjectConfigurationPlatforms) = postSolution
		{0A13246F-8DF2-4C25-927C-08A64A1E1FA2}.Debug|Any CPU.ActiveCfg = Debug|Any CPU
		{0A13246F-8DF2-4C25-927C-08A64A1E1FA2}.Debug|Any CPU.Build.0 = Debug|Any CPU
		{0A13246F-8DF2-4C25-927C-08A64A1E1FA2}.Debug|x64.ActiveCfg = Debug|x64
		{0A13246F-8DF2-4C25-927C-08A64A1E1FA2}.Debug|x64.Build.0 = Debug|x64
		{0A13246F-8DF2-4C25-927C-08A64A1E1FA2}.Debug|x86.ActiveCfg = Debug|x86
		{0A13246F-8DF2-4C25-927C-08A64A1E1FA2}.Debug|x86.Build.0 = Debug|x86
		{0A13246F-8DF2-4C25-927C-08A64A1E1FA2}.Release|Any CPU.ActiveCfg = Release|Any CPU
		{0A13246F-8DF2-4C25-927C-08A64A1E1FA2}.Release|Any CPU.Build.0 = Release|Any CPU
		{0A13246F-8DF2-4C25-927C-08A64A1E1FA2}.Release|x64.ActiveCfg = Release|x64
		{0A13246F-8DF2-4C25-927C-08A64A1E1FA2}.Release|x64.Build.0 = Release|x64
		{0A13246F-8DF2-4C25-927C-08A64A1E1FA2}.Release|x86.ActiveCfg = Release|x86
		{0A13246F-8DF2-4C25-927C-08A64A1E1FA2}.Release|x86.Build.0 = Release|x86
		{39201940-DA75-4739-94F0-211B5BCD1308}.Debug|Any CPU.ActiveCfg = Debug|Any CPU
		{39201940-DA75-4739-94F0-211B5BCD1308}.Debug|Any CPU.Build.0 = Debug|Any CPU
		{39201940-DA75-4739-94F0-211B5BCD1308}.Debug|x64.ActiveCfg = Debug|x64
		{39201940-DA75-4739-94F0-211B5BCD1308}.Debug|x64.Build.0 = Debug|x64
		{39201940-DA75-4739-94F0-211B5BCD1308}.Debug|x86.ActiveCfg = Debug|x86
		{39201940-DA75-4739-94F0-211B5BCD1308}.Debug|x86.Build.0 = Debug|x86
		{39201940-DA75-4739-94F0-211B5BCD1308}.Release|Any CPU.ActiveCfg = Release|Any CPU
		{39201940-DA75-4739-94F0-211B5BCD1308}.Release|Any CPU.Build.0 = Release|Any CPU
		{39201940-DA75-4739-94F0-211B5BCD1308}.Release|x64.ActiveCfg = Release|x64
		{39201940-DA75-4739-94F0-211B5BCD1308}.Release|x64.Build.0 = Release|x64
		{39201940-DA75-4739-94F0-211B5BCD1308}.Release|x86.ActiveCfg = Release|x86
		{39201940-DA75-4739-94F0-211B5BCD1308}.Release|x86.Build.0 = Release|x86
		{A265C3AF-F5A8-4548-9BB4-5C9DDC0FDFED}.Debug|Any CPU.ActiveCfg = Debug|Any CPU
		{A265C3AF-F5A8-4548-9BB4-5C9DDC0FDFED}.Debug|Any CPU.Build.0 = Debug|Any CPU
		{A265C3AF-F5A8-4548-9BB4-5C9DDC0FDFED}.Debug|x64.ActiveCfg = Debug|Any CPU
		{A265C3AF-F5A8-4548-9BB4-5C9DDC0FDFED}.Debug|x86.ActiveCfg = Debug|Any CPU
		{A265C3AF-F5A8-4548-9BB4-5C9DDC0FDFED}.Release|Any CPU.ActiveCfg = Release|Any CPU
		{A265C3AF-F5A8-4548-9BB4-5C9DDC0FDFED}.Release|Any CPU.Build.0 = Release|Any CPU
		{A265C3AF-F5A8-4548-9BB4-5C9DDC0FDFED}.Release|x64.ActiveCfg = Release|Any CPU
		{A265C3AF-F5A8-4548-9BB4-5C9DDC0FDFED}.Release|x86.ActiveCfg = Release|Any CPU
		{4AB3B7C4-140C-4891-A733-C36ADE0DFC04}.Debug|Any CPU.ActiveCfg = Debug|Any CPU
		{4AB3B7C4-140C-4891-A733-C36ADE0DFC04}.Debug|Any CPU.Build.0 = Debug|Any CPU
		{4AB3B7C4-140C-4891-A733-C36ADE0DFC04}.Debug|x64.ActiveCfg = Debug|Any CPU
		{4AB3B7C4-140C-4891-A733-C36ADE0DFC04}.Debug|x86.ActiveCfg = Debug|Any CPU
		{4AB3B7C4-140C-4891-A733-C36ADE0DFC04}.Release|Any CPU.ActiveCfg = Release|Any CPU
		{4AB3B7C4-140C-4891-A733-C36ADE0DFC04}.Release|Any CPU.Build.0 = Release|Any CPU
		{4AB3B7C4-140C-4891-A733-C36ADE0DFC04}.Release|x64.ActiveCfg = Release|Any CPU
		{4AB3B7C4-140C-4891-A733-C36ADE0DFC04}.Release|x86.ActiveCfg = Release|Any CPU
		{9D16173B-BBBF-418B-B8B7-AA86EC42FD23}.Debug|Any CPU.ActiveCfg = Debug|Any CPU
		{9D16173B-BBBF-418B-B8B7-AA86EC42FD23}.Debug|Any CPU.Build.0 = Debug|Any CPU
		{9D16173B-BBBF-418B-B8B7-AA86EC42FD23}.Debug|x64.ActiveCfg = Debug|Any CPU
		{9D16173B-BBBF-418B-B8B7-AA86EC42FD23}.Debug|x86.ActiveCfg = Debug|Any CPU
		{9D16173B-BBBF-418B-B8B7-AA86EC42FD23}.Release|Any CPU.ActiveCfg = Release|Any CPU
		{9D16173B-BBBF-418B-B8B7-AA86EC42FD23}.Release|Any CPU.Build.0 = Release|Any CPU
		{9D16173B-BBBF-418B-B8B7-AA86EC42FD23}.Release|x64.ActiveCfg = Release|Any CPU
		{9D16173B-BBBF-418B-B8B7-AA86EC42FD23}.Release|x86.ActiveCfg = Release|Any CPU
		{ED68DE35-FF65-42B2-96FF-54E87032B4D8}.Debug|Any CPU.ActiveCfg = Debug|Any CPU
		{ED68DE35-FF65-42B2-96FF-54E87032B4D8}.Debug|Any CPU.Build.0 = Debug|Any CPU
		{ED68DE35-FF65-42B2-96FF-54E87032B4D8}.Debug|x64.ActiveCfg = Debug|Any CPU
		{ED68DE35-FF65-42B2-96FF-54E87032B4D8}.Debug|x86.ActiveCfg = Debug|Any CPU
		{ED68DE35-FF65-42B2-96FF-54E87032B4D8}.Release|Any CPU.ActiveCfg = Release|Any CPU
		{ED68DE35-FF65-42B2-96FF-54E87032B4D8}.Release|Any CPU.Build.0 = Release|Any CPU
		{ED68DE35-FF65-42B2-96FF-54E87032B4D8}.Release|x64.ActiveCfg = Release|Any CPU
		{ED68DE35-FF65-42B2-96FF-54E87032B4D8}.Release|x86.ActiveCfg = Release|Any CPU
	EndGlobalSection
	GlobalSection(SolutionProperties) = preSolution
		HideSolutionNode = FALSE
	EndGlobalSection
EndGlobal
